
Microsoft Visual Studio Solution File, Format Version 12.00
# Visual Studio 2012
Project("{F184B08F-C81C-45F6-A57F-5ABD9991F28F}") = "Fantasia_Nova_Diamante", "Fantasia_Nova_Diamante\Fantasia_Nova_Diamante.vbproj", "{50E30185-EA2D-4FBB-B097-0C1946D6320D}"
EndProject
Global
	GlobalSection(SolutionConfigurationPlatforms) = preSolution
		Debug|Any CPU = Debug|Any CPU
		Release|Any CPU = Release|Any CPU
	EndGlobalSection
	GlobalSection(ProjectConfigurationPlatforms) = postSolution
		{50E30185-EA2D-4FBB-B097-0C1946D6320D}.Debug|Any CPU.ActiveCfg = Debug|Any CPU
		{50E30185-EA2D-4FBB-B097-0C1946D6320D}.Debug|Any CPU.Build.0 = Debug|Any CPU
		{50E30185-EA2D-4FBB-B097-0C1946D6320D}.Release|Any CPU.ActiveCfg = Release|Any CPU
		{50E30185-EA2D-4FBB-B097-0C1946D6320D}.Release|Any CPU.Build.0 = Release|Any CPU
	EndGlobalSection
	GlobalSection(SolutionProperties) = preSolution
		HideSolutionNode = FALSE
	EndGlobalSection
EndGlobal
